{
  "name": "mongoose-crud-app",
  "version": "1.0.0",
  "lockfileVersion": 3,
  "requires": true,
  "packages": {
    "": {
      "name": "mongoose-crud-app",
      "version": "1.0.0",
      "license": "ISC",
      "dependencies": {
        "dotenv": "^16.4.7",
        "express": "^4.21.2",
        "mongoose": "^8.12.1"
      }
    }
}
